# THIS IS AN AUTOGENERATED FILE. DO NOT EDIT THIS FILE DIRECTLY.
# yarn lockfile v1


bootstrap@^3.3.7:
  version "3.3.7"
  resolved "http://registry.npm.taobao.org/bootstrap/download/bootstrap-3.3.7.tgz#5a389394549f23330875a3b150656574f8a9eb71"

codemirror@^5.27.2:
  version "5.27.2"
  resolved "http://registry.npm.taobao.org/codemirror/download/codemirror-5.27.2.tgz#a292d42f079d5b98c68c3146fab99844f3d8776c"

font-awesome@^4.7.0:
  version "4.7.0"
  resolved "http://registry.npm.taobao.org/font-awesome/download/font-awesome-4.7.0.tgz#8fa8cf0411a1a31afd07b06d2902bb9fc815a133"

highlight.js@^9.12.0:
  version "9.12.0"
  resolved "http://registry.npm.taobao.org/highlight.js/download/highlight.js-9.12.0.tgz#e6d9dbe57cbefe60751f02af336195870c90c01e"

insert-css@0.0.0:
  version "0.0.0"
  resolved "http://registry.npm.taobao.org/insert-css/download/insert-css-0.0.0.tgz#2304bfa6f893abecb8ff9ca8d9c7605d94cf2911"

jquery@^3.2.1:
  version "3.2.1"
  resolved "http://registry.npm.taobao.org/jquery/download/jquery-3.2.1.tgz#5c4d9de652af6cd0a770154a631bba12b015c787"

marked@^0.3.6:
  version "0.3.6"
  resolved "http://registry.npm.taobao.org/marked/download/marked-0.3.6.tgz#b2c6c618fccece4ef86c4fc6cb8a7cbf5aeda8d7"

normalize-css@^2.3.1:
  version "2.3.1"
  resolved "http://registry.npm.taobao.org/normalize-css/download/normalize-css-2.3.1.tgz#fc03e3b91e3a51aa7a1836bae7b2b6ac6d51e156"
  dependencies:
    insert-css "0.0.0"
